
Microsoft Visual Studio Solution File, Format Version 12.00
# Visual Studio Version 16
VisualStudioVersion = 16.0.30114.105
MinimumVisualStudioVersion = 10.0.40219.1
Project("{8BC9CEB8-8B4A-11D0-8D11-00A0C91BC942}") = "OpenGLProjectTemplate", "OpenGLProjectTemplate\OpenGLProjectTemplate.vcxproj", "{9B1E9FF7-BCCD-4117-839C-7875B5707F70}"
EndProject
Global
	GlobalSection(SolutionConfigurationPlatforms) = preSolution
		Debug|x64 = Debug|x64
		Debug|x86 = Debug|x86
		Release|x64 = Release|x64
		Release|x86 = Release|x86
	EndGlobalSection
	GlobalSection(ProjectConfigurationPlatforms) = postSolution
		{9B1E9FF7-BCCD-4117-839C-7875B5707F70}.Debug|x64.ActiveCfg = Debug|x64
		{9B1E9FF7-BCCD-4117-839C-7875B5707F70}.Debug|x64.Build.0 = Debug|x64
		{9B1E9FF7-BCCD-4117-839C-7875B5707F70}.Debug|x86.ActiveCfg = Debug|Win32
		{9B1E9FF7-BCCD-4117-839C-7875B5707F70}.Debug|x86.Build.0 = Debug|Win32
		{9B1E9FF7-BCCD-4117-839C-7875B5707F70}.Release|x64.ActiveCfg = Release|x64
		{9B1E9FF7-BCCD-4117-839C-7875B5707F70}.Release|x64.Build.0 = Release|x64
		{9B1E9FF7-BCCD-4117-839C-7875B5707F70}.Release|x86.ActiveCfg = Release|Win32
		{9B1E9FF7-BCCD-4117-839C-7875B5707F70}.Release|x86.Build.0 = Release|Win32
	EndGlobalSection
	GlobalSection(SolutionProperties) = preSolution
		HideSolutionNode = FALSE
	EndGlobalSection
	GlobalSection(ExtensibilityGlobals) = postSolution
		SolutionGuid = {BA3ABEB5-0BBF-4CEE-9630-17379DDD26F1}
	EndGlobalSection
EndGlobal
